
Microsoft Visual Studio Solution File, Format Version 12.00
# Visual Studio Version 16
VisualStudioVersion = 16.0.29920.165
MinimumVisualStudioVersion = 10.0.40219.1
Project("{FAE04EC0-301F-11D3-BF4B-00C04F79EFBC}") = "PreventDoubleClick", "PreventDoubleClick.csproj", "{193F06AC-B51B-48AD-A21E-3208A12371EB}"
EndProject
Global
	GlobalSection(SolutionConfigurationPlatforms) = preSolution
		Debug|Any CPU = Debug|Any CPU
		Release|Any CPU = Release|Any CPU
	EndGlobalSection
	GlobalSection(ProjectConfigurationPlatforms) = postSolution
		{193F06AC-B51B-48AD-A21E-3208A12371EB}.Debug|Any CPU.ActiveCfg = Debug|Any CPU
		{193F06AC-B51B-48AD-A21E-3208A12371EB}.Debug|Any CPU.Build.0 = Debug|Any CPU
		{193F06AC-B51B-48AD-A21E-3208A12371EB}.Release|Any CPU.ActiveCfg = Release|Any CPU
		{193F06AC-B51B-48AD-A21E-3208A12371EB}.Release|Any CPU.Build.0 = Release|Any CPU
	EndGlobalSection
	GlobalSection(SolutionProperties) = preSolution
		HideSolutionNode = FALSE
	EndGlobalSection
	GlobalSection(ExtensibilityGlobals) = postSolution
		SolutionGuid = {D5FB33E0-4F69-49DD-A0F3-2A97F8B0215C}
	EndGlobalSection
EndGlobal
